
Microsoft Visual Studio Solution File, Format Version 12.00
# Visual Studio 15
VisualStudioVersion = 15.0.27004.2005
MinimumVisualStudioVersion = 10.0.40219.1
Project("{FAE04EC0-301F-11D3-BF4B-00C04F79EFBC}") = "Serilization", "Serilization\Serilization.csproj", "{F310E4F9-D288-4703-8D33-B1CD7D26683B}"
EndProject
Global
	GlobalSection(SolutionConfigurationPlatforms) = preSolution
		Debug|Any CPU = Debug|Any CPU
		Release|Any CPU = Release|Any CPU
	EndGlobalSection
	GlobalSection(ProjectConfigurationPlatforms) = postSolution
		{F310E4F9-D288-4703-8D33-B1CD7D26683B}.Debug|Any CPU.ActiveCfg = Debug|Any CPU
		{F310E4F9-D288-4703-8D33-B1CD7D26683B}.Debug|Any CPU.Build.0 = Debug|Any CPU
		{F310E4F9-D288-4703-8D33-B1CD7D26683B}.Release|Any CPU.ActiveCfg = Release|Any CPU
		{F310E4F9-D288-4703-8D33-B1CD7D26683B}.Release|Any CPU.Build.0 = Release|Any CPU
	EndGlobalSection
	GlobalSection(SolutionProperties) = preSolution
		HideSolutionNode = FALSE
	EndGlobalSection
	GlobalSection(ExtensibilityGlobals) = postSolution
		SolutionGuid = {7988E0D4-DCDD-4351-9E01-4C0C62F85562}
	EndGlobalSection
EndGlobal
